Microsoft Visual Studio Solution File, Format Version 12.00
# Visual Studio Version 17
VisualStudioVersion = 17.5.2.0
MinimumVisualStudioVersion = 10.0.40219.1
Project("{2150E333-8FDC-42A3-9474-1A3956D46DE8}") = "Modulo_3_Dot_Net", "Modulo_3_Dot_Net", "{BFEDCFF5-B93A-6208-5665-6FA8A7079B82}"
EndProject
Project("{2150E333-8FDC-42A3-9474-1A3956D46DE8}") = "01_sesion", "01_sesion", "{E9E2F32F-9986-F077-4BF5-194FAE6FCA72}"
EndProject
Project("{FAE04EC0-301F-11D3-BF4B-00C04F79EFBC}") = "HelloWorld", "Modulo_3_Dot_Net\01_sesion\HelloWorld\HelloWorld.csproj", "{D6423FF8-572C-1ECB-300F-B744469C5E29}"
EndProject
Global
	GlobalSection(SolutionConfigurationPlatforms) = preSolution
		Debug|Any CPU = Debug|Any CPU
		Release|Any CPU = Release|Any CPU
	EndGlobalSection
	GlobalSection(ProjectConfigurationPlatforms) = postSolution
		{D6423FF8-572C-1ECB-300F-B744469C5E29}.Debug|Any CPU.ActiveCfg = Debug|Any CPU
		{D6423FF8-572C-1ECB-300F-B744469C5E29}.Debug|Any CPU.Build.0 = Debug|Any CPU
		{D6423FF8-572C-1ECB-300F-B744469C5E29}.Release|Any CPU.ActiveCfg = Release|Any CPU
		{D6423FF8-572C-1ECB-300F-B744469C5E29}.Release|Any CPU.Build.0 = Release|Any CPU
	EndGlobalSection
	GlobalSection(SolutionProperties) = preSolution
		HideSolutionNode = FALSE
	EndGlobalSection
	GlobalSection(NestedProjects) = preSolution
		{E9E2F32F-9986-F077-4BF5-194FAE6FCA72} = {BFEDCFF5-B93A-6208-5665-6FA8A7079B82}
		{D6423FF8-572C-1ECB-300F-B744469C5E29} = {E9E2F32F-9986-F077-4BF5-194FAE6FCA72}
	EndGlobalSection
	GlobalSection(ExtensibilityGlobals) = postSolution
		SolutionGuid = {A3EAEBD8-820B-4AB2-8266-8EFE1F277950}
	EndGlobalSection
EndGlobal
